{
  "name": "loggaby",
  "version": "3.0.0",
  "lockfileVersion": 1,
  "requires": true,
  "dependencies": {
    "@luvella/eslint-config": {
      "version": "1.0.3",
      "resolved": "https://registry.npmjs.org/@luvella/eslint-config/-/eslint-config-1.0.3.tgz",
      "integrity": "sha512-iP03T81YVur77cyUZbbD/5rONngjy1vo8c6ZUtqoswE4+r0t/yynF2zGvTsRm9am7EnG4TQ95++S0lcLAOfSaA==",
      "dev": true
    },
    "ansikit": {
      "version": "1.5.0",
      "resolved": "https://registry.npmjs.org/ansikit/-/ansikit-1.5.0.tgz",
      "integrity": "sha512-/7dpnqMHs2gGNyAw22S5ld5F3LEYXma46u+EN/FtOg0BdtyHS9A3txNN2ckLSHZ9gqJ3qYmXEJ17Zq2RGjFtBg=="
    }
  }
}
